// !$*UTF8*$!
{
	archiveVersion = 1;
	classes = {
	};
	objectVersion = 46;
	objects = {

/* Begin PBXBuildFile section */
		CA08CFEE1C06AC7F002E22C8 /* AddToQueueViewController.swift in Sources */ = {isa = PBXBuildFile; fileRef = CA08CFED1C06AC7F002E22C8 /* AddToQueueViewController.swift */; };
		CA55C99B1C14DDCC00887AC5 /* LogInViewController.swift in Sources */ = {isa = PBXBuildFile; fileRef = CA55C99A1C14DDCC00887AC5 /* LogInViewController.swift */; };
		CA55C99D1C1CC93500887AC5 /* Utils.swift in Sources */ = {isa = PBXBuildFile; fileRef = CA55C99C1C1CC93500887AC5 /* Utils.swift */; };
		CAADB32B1C2DF5DD0030EA04 /* AccountSetupViewController.swift in Sources */ = {isa = PBXBuildFile; fileRef = CAADB32A1C2DF5DD0030EA04 /* AccountSetupViewController.swift */; };
		CAADB3311C2F64BF0030EA04 /* UpdateRestaurantViewController.swift in Sources */ = {isa = PBXBuildFile; fileRef = CAADB3301C2F64BF0030EA04 /* UpdateRestaurantViewController.swift */; };
		CADD0A011BFEB1EA008AC92A /* AppDelegate.swift in Sources */ = {isa = PBXBuildFile; fileRef = CADD0A001BFEB1EA008AC92A /* AppDelegate.swift */; };
		CADD0A031BFEB1EA008AC92A /* FirstViewController.swift in Sources */ = {isa = PBXBuildFile; fileRef = CADD0A021BFEB1EA008AC92A /* FirstViewController.swift */; };
		CADD0A051BFEB1EA008AC92A /* SecondViewController.swift in Sources */ = {isa = PBXBuildFile; fileRef = CADD0A041BFEB1EA008AC92A /* SecondViewController.swift */; };
		CADD0A081BFEB1EA008AC92A /* Main.storyboard in Resources */ = {isa = PBXBuildFile; fileRef = CADD0A061BFEB1EA008AC92A /* Main.storyboard */; };
		CADD0A0A1BFEB1EA008AC92A /* Assets.xcassets in Resources */ = {isa = PBXBuildFile; fileRef = CADD0A091BFEB1EA008AC92A /* Assets.xcassets */; };
		CADD0A0D1BFEB1EA008AC92A /* LaunchScreen.storyboard in Resources */ = {isa = PBXBuildFile; fileRef = CADD0A0B1BFEB1EA008AC92A /* LaunchScreen.storyboard */; };
		CADD0A151C025C5B008AC92A /* CollectionViewCell.swift in Sources */ = {isa = PBXBuildFile; fileRef = CADD0A141C025C5B008AC92A /* CollectionViewCell.swift */; };
		CADD0A191C03FCB2008AC92A /* Customer.swift in Sources */ = {isa = PBXBuildFile; fileRef = CADD0A181C03FCB2008AC92A /* Customer.swift */; };
		CAEAA15C1C2F6E4F008017AB /* SettingsTableViewController.swift in Sources */ = {isa = PBXBuildFile; fileRef = CAEAA15B1C2F6E4F008017AB /* SettingsTableViewController.swift */; };
		E923D4E8A7C5299B38E7E8CE /* Pods_hwy7.framework in Frameworks */ = {isa = PBXBuildFile; fileRef = 414890A60D7EA4E41B9A9CA5 /* Pods_hwy7.framework */; };
/* End PBXBuildFile section */

/* Begin PBXFileReference section */
		29C357C799BD550C12D34EA0 /* Pods-hwy7.debug.xcconfig */ = {isa = PBXFileReference; includeInIndex = 1; lastKnownFileType = text.xcconfig; name = "Pods-hwy7.debug.xcconfig"; path = "Pods/Target Support Files/Pods-hwy7/Pods-hwy7.debug.xcconfig"; sourceTree = "<group>"; };
		414890A60D7EA4E41B9A9CA5 /* Pods_hwy7.framework */ = {isa = PBXFileReference; explicitFileType = wrapper.framework; includeInIndex = 0; path = Pods_hwy7.framework; sourceTree = BUILT_PRODUCTS_DIR; };
		CA08CFED1C06AC7F002E22C8 /* AddToQueueViewController.swift */ = {isa = PBXFileReference; fileEncoding = 4; lastKnownFileType = sourcecode.swift; path = AddToQueueViewController.swift; sourceTree = "<group>"; };
		CA55C9951C14BF8800887AC5 /* hwy7-Bridging-Header.h */ = {isa = PBXFileReference; lastKnownFileType = sourcecode.c.h; path = "hwy7-Bridging-Header.h"; sourceTree = "<group>"; };
		CA55C99A1C14DDCC00887AC5 /* LogInViewController.swift */ = {isa = PBXFileReference; fileEncoding = 4; lastKnownFileType = sourcecode.swift; path = LogInViewController.swift; sourceTree = "<group>"; };
		CA55C99C1C1CC93500887AC5 /* Utils.swift */ = {isa = PBXFileReference; fileEncoding = 4; lastKnownFileType = sourcecode.swift; path = Utils.swift; sourceTree = "<group>"; };
		CA9C33D7F1935B2DA2F8E242 /* Pods-hwy7.release.xcconfig */ = {isa = PBXFileReference; includeInIndex = 1; lastKnownFileType = text.xcconfig; name = "Pods-hwy7.release.xcconfig"; path = "Pods/Target Support Files/Pods-hwy7/Pods-hwy7.release.xcconfig"; sourceTree = "<group>"; };
		CAADB32A1C2DF5DD0030EA04 /* AccountSetupViewController.swift */ = {isa = PBXFileReference; fileEncoding = 4; lastKnownFileType = sourcecode.swift; path = AccountSetupViewController.swift; sourceTree = "<group>"; };
		CAADB3301C2F64BF0030EA04 /* UpdateRestaurantViewController.swift */ = {isa = PBXFileReference; fileEncoding = 4; lastKnownFileType = sourcecode.swift; path = UpdateRestaurantViewController.swift; sourceTree = "<group>"; };
		CADD09FD1BFEB1EA008AC92A /* hwy7.app */ = {isa = PBXFileReference; explicitFileType = wrapper.application; includeInIndex = 0; path = hwy7.app; sourceTree = BUILT_PRODUCTS_DIR; };
		CADD0A001BFEB1EA008AC92A /* AppDelegate.swift */ = {isa = PBXFileReference; lastKnownFileType = sourcecode.swift; path = AppDelegate.swift; sourceTree = "<group>"; };
		CADD0A021BFEB1EA008AC92A /* FirstViewController.swift */ = {isa = PBXFileReference; lastKnownFileType = sourcecode.swift; path = FirstViewController.swift; sourceTree = "<group>"; };
		CADD0A041BFEB1EA008AC92A /* SecondViewController.swift */ = {isa = PBXFileReference; lastKnownFileType = sourcecode.swift; path = SecondViewController.swift; sourceTree = "<group>"; };
		CADD0A071BFEB1EA008AC92A /* Base */ = {isa = PBXFileReference; lastKnownFileType = file.storyboard; name = Base; path = Base.lproj/Main.storyboard; sourceTree = "<group>"; };
		CADD0A091BFEB1EA008AC92A /* Assets.xcassets */ = {isa = PBXFileReference; lastKnownFileType = folder.assetcatalog; path = Assets.xcassets; sourceTree = "<group>"; };
		CADD0A0C1BFEB1EA008AC92A /* Base */ = {isa = PBXFileReference; lastKnownFileType = file.storyboard; name = Base; path = Base.lproj/LaunchScreen.storyboard; sourceTree = "<group>"; };
		CADD0A0E1BFEB1EA008AC92A /* Info.plist */ = {isa = PBXFileReference; lastKnownFileType = text.plist.xml; path = Info.plist; sourceTree = "<group>"; };
		CADD0A141C025C5B008AC92A /* CollectionViewCell.swift */ = {isa = PBXFileReference; fileEncoding = 4; lastKnownFileType = sourcecode.swift; name = CollectionViewCell.swift; path = ../CollectionViewCell.swift; sourceTree = "<group>"; };
		CADD0A181C03FCB2008AC92A /* Customer.swift */ = {isa = PBXFileReference; fileEncoding = 4; lastKnownFileType = sourcecode.swift; name = Customer.swift; path = ../Customer.swift; sourceTree = "<group>"; };
		CAEAA15B1C2F6E4F008017AB /* SettingsTableViewController.swift */ = {isa = PBXFileReference; fileEncoding = 4; lastKnownFileType = sourcecode.swift; path = SettingsTableViewController.swift; sourceTree = "<group>"; };
/* End PBXFileReference section */

/* Begin PBXFrameworksBuildPhase section */
		CADD09FA1BFEB1EA008AC92A /* Frameworks */ = {
			isa = PBXFrameworksBuildPhase;
			buildActionMask = 2147483647;
			files = (
				E923D4E8A7C5299B38E7E8CE /* Pods_hwy7.framework in Frameworks */,
			);
			runOnlyForDeploymentPostprocessing = 0;
		};
/* End PBXFrameworksBuildPhase section */

/* Begin PBXGroup section */
		979BD1653BECD3D7AE13B1B8 /* Frameworks */ = {
			isa = PBXGroup;
			children = (
				414890A60D7EA4E41B9A9CA5 /* Pods_hwy7.framework */,
			);
			name = Frameworks;
			sourceTree = "<group>";
		};
		CADD09F41BFEB1EA008AC92A = {
			isa = PBXGroup;
			children = (
				CADD09FF1BFEB1EA008AC92A /* hwy7 */,
				CADD09FE1BFEB1EA008AC92A /* Products */,
				E1B132E29222874437244D3E /* Pods */,
				979BD1653BECD3D7AE13B1B8 /* Frameworks */,
			);
			sourceTree = "<group>";
		};
		CADD09FE1BFEB1EA008AC92A /* Products */ = {
			isa = PBXGroup;
			children = (
				CADD09FD1BFEB1EA008AC92A /* hwy7.app */,
			);
			name = Products;
			sourceTree = "<group>";
		};
		CADD09FF1BFEB1EA008AC92A /* hwy7 */ = {
			isa = PBXGroup;
			children = (
				CA08CFED1C06AC7F002E22C8 /* AddToQueueViewController.swift */,
				CADD0A181C03FCB2008AC92A /* Customer.swift */,
				CADD0A141C025C5B008AC92A /* CollectionViewCell.swift */,
				CADD0A001BFEB1EA008AC92A /* AppDelegate.swift */,
				CADD0A021BFEB1EA008AC92A /* FirstViewController.swift */,
				CADD0A041BFEB1EA008AC92A /* SecondViewController.swift */,
				CADD0A061BFEB1EA008AC92A /* Main.storyboard */,
				CADD0A091BFEB1EA008AC92A /* Assets.xcassets */,
				CADD0A0B1BFEB1EA008AC92A /* LaunchScreen.storyboard */,
				CADD0A0E1BFEB1EA008AC92A /* Info.plist */,
				CA55C9951C14BF8800887AC5 /* hwy7-Bridging-Header.h */,
				CA55C99A1C14DDCC00887AC5 /* LogInViewController.swift */,
				CA55C99C1C1CC93500887AC5 /* Utils.swift */,
				CAADB32A1C2DF5DD0030EA04 /* AccountSetupViewController.swift */,
				CAADB3301C2F64BF0030EA04 /* UpdateRestaurantViewController.swift */,
				CAEAA15B1C2F6E4F008017AB /* SettingsTableViewController.swift */,
			);
			path = hwy7;
			sourceTree = "<group>";
		};
		E1B132E29222874437244D3E /* Pods */ = {
			isa = PBXGroup;
			children = (
				29C357C799BD550C12D34EA0 /* Pods-hwy7.debug.xcconfig */,
				CA9C33D7F1935B2DA2F8E242 /* Pods-hwy7.release.xcconfig */,
			);
			name = Pods;
			sourceTree = "<group>";
		};
/* End PBXGroup section */

/* Begin PBXNativeTarget section */
		CADD09FC1BFEB1EA008AC92A /* hwy7 */ = {
			isa = PBXNativeTarget;
			buildConfigurationList = CADD0A111BFEB1EA008AC92A /* Build configuration list for PBXNativeTarget "hwy7" */;
			buildPhases = (
				1ECBE43F850F278A3C8287B2 /* Check Pods Manifest.lock */,
				CADD09F91BFEB1EA008AC92A /* Sources */,
				CADD09FA1BFEB1EA008AC92A /* Frameworks */,
				CADD09FB1BFEB1EA008AC92A /* Resources */,
				11BC9AAAC96AE395B5C6B1E6 /* Embed Pods Frameworks */,
				90BEDE24EEC362DFBC4A5AAA /* Copy Pods Resources */,
			);
			buildRules = (
			);
			dependencies = (
			);
			name = hwy7;
			productName = hwy7;
			productReference = CADD09FD1BFEB1EA008AC92A /* hwy7.app */;
			productType = "com.apple.product-type.application";
		};
/* End PBXNativeTarget section */

/* Begin PBXProject section */
		CADD09F51BFEB1EA008AC92A /* Project object */ = {
			isa = PBXProject;
			attributes = {
				LastSwiftUpdateCheck = 0710;
				LastUpgradeCheck = 0710;
				ORGANIZATIONNAME = "Cindy Zhao";
				TargetAttributes = {
					CADD09FC1BFEB1EA008AC92A = {
						CreatedOnToolsVersion = 7.1;
					};
				};
			};
			buildConfigurationList = CADD09F81BFEB1EA008AC92A /* Build configuration list for PBXProject "hwy7" */;
			compatibilityVersion = "Xcode 3.2";
			developmentRegion = English;
			hasScannedForEncodings = 0;
			knownRegions = (
				en,
				Base,
			);
			mainGroup = CADD09F41BFEB1EA008AC92A;
			productRefGroup = CADD09FE1BFEB1EA008AC92A /* Products */;
			projectDirPath = "";
			projectRoot = "";
			targets = (
				CADD09FC1BFEB1EA008AC92A /* hwy7 */,
			);
		};
/* End PBXProject section */

/* Begin PBXResourcesBuildPhase section */
		CADD09FB1BFEB1EA008AC92A /* Resources */ = {
			isa = PBXResourcesBuildPhase;
			buildActionMask = 2147483647;
			files = (
				CADD0A0D1BFEB1EA008AC92A /* LaunchScreen.storyboard in Resources */,
				CADD0A0A1BFEB1EA008AC92A /* Assets.xcassets in Resources */,
				CADD0A081BFEB1EA008AC92A /* Main.storyboard in Resources */,
			);
			runOnlyForDeploymentPostprocessing = 0;
		};
/* End PBXResourcesBuildPhase section */

/* Begin PBXShellScriptBuildPhase section */
		11BC9AAAC96AE395B5C6B1E6 /* Embed Pods Frameworks */ = {
			isa = PBXShellScriptBuildPhase;
			buildActionMask = 2147483647;
			files = (
			);
			inputPaths = (
			);
			name = "Embed Pods Frameworks";
			outputPaths = (
			);
			runOnlyForDeploymentPostprocessing = 0;
			shellPath = /bin/sh;
			shellScript = "\"${SRCROOT}/Pods/Target Support Files/Pods-hwy7/Pods-hwy7-frameworks.sh\"\n";
			showEnvVarsInLog = 0;
		};
		1ECBE43F850F278A3C8287B2 /* Check Pods Manifest.lock */ = {
			isa = PBXShellScriptBuildPhase;
			buildActionMask = 2147483647;
			files = (
			);
			inputPaths = (
			);
			name = "Check Pods Manifest.lock";
			outputPaths = (
			);
			runOnlyForDeploymentPostprocessing = 0;
			shellPath = /bin/sh;
			shellScript = "diff \"${PODS_ROOT}/../Podfile.lock\" \"${PODS_ROOT}/Manifest.lock\" > /dev/null\nif [[ $? != 0 ]] ; then\n    cat << EOM\nerror: The sandbox is not in sync with the Podfile.lock. Run 'pod install' or update your CocoaPods installation.\nEOM\n    exit 1\nfi\n";
			showEnvVarsInLog = 0;
		};
		90BEDE24EEC362DFBC4A5AAA /* Copy Pods Resources */ = {
			isa = PBXShellScriptBuildPhase;
			buildActionMask = 2147483647;
			files = (
			);
			inputPaths = (
			);
			name = "Copy Pods Resources";
			outputPaths = (
			);
			runOnlyForDeploymentPostprocessing = 0;
			shellPath = /bin/sh;
			shellScript = "\"${SRCROOT}/Pods/Target Support Files/Pods-hwy7/Pods-hwy7-resources.sh\"\n";
			showEnvVarsInLog = 0;
		};
/* End PBXShellScriptBuildPhase section */

/* Begin PBXSourcesBuildPhase section */
		CADD09F91BFEB1EA008AC92A /* Sources */ = {
			isa = PBXSourcesBuildPhase;
			buildActionMask = 2147483647;
			files = (
				CADD0A051BFEB1EA008AC92A /* SecondViewController.swift in Sources */,
				CAADB32B1C2DF5DD0030EA04 /* AccountSetupViewController.swift in Sources */,
				CADD0A011BFEB1EA008AC92A /* AppDelegate.swift in Sources */,
				CAEAA15C1C2F6E4F008017AB /* SettingsTableViewController.swift in Sources */,
				CADD0A191C03FCB2008AC92A /* Customer.swift in Sources */,
				CA55C99B1C14DDCC00887AC5 /* LogInViewController.swift in Sources */,
				CADD0A151C025C5B008AC92A /* CollectionViewCell.swift in Sources */,
				CAADB3311C2F64BF0030EA04 /* UpdateRestaurantViewController.swift in Sources */,
				CADD0A031BFEB1EA008AC92A /* FirstViewController.swift in Sources */,
				CA08CFEE1C06AC7F002E22C8 /* AddToQueueViewController.swift in Sources */,
				CA55C99D1C1CC93500887AC5 /* Utils.swift in Sources */,
			);
			runOnlyForDeploymentPostprocessing = 0;
		};
/* End PBXSourcesBuildPhase section */

/* Begin PBXVariantGroup section */
		CADD0A061BFEB1EA008AC92A /* Main.storyboard */ = {
			isa = PBXVariantGroup;
			children = (
				CADD0A071BFEB1EA008AC92A /* Base */,
			);
			name = Main.storyboard;
			sourceTree = "<group>";
		};
		CADD0A0B1BFEB1EA008AC92A /* LaunchScreen.storyboard */ = {
			isa = PBXVariantGroup;
			children = (
				CADD0A0C1BFEB1EA008AC92A /* Base */,
			);
			name = LaunchScreen.storyboard;
			sourceTree = "<group>";
		};
/* End PBXVariantGroup section */

/* Begin XCBuildConfiguration section */
		CADD0A0F1BFEB1EA008AC92A /* Debug */ = {
			isa = XCBuildConfiguration;
			buildSettings = {
				ALWAYS_SEARCH_USER_PATHS = NO;
				CLANG_CXX_LANGUAGE_STANDARD = "gnu++0x";
				CLANG_CXX_LIBRARY = "libc++";
				CLANG_ENABLE_MODULES = YES;
				CLANG_ENABLE_OBJC_ARC = YES;
				CLANG_WARN_BOOL_CONVERSION = YES;
				CLANG_WARN_CONSTANT_CONVERSION = YES;
				CLANG_WARN_DIRECT_OBJC_ISA_USAGE = YES_ERROR;
				CLANG_WARN_EMPTY_BODY = YES;
				CLANG_WARN_ENUM_CONVERSION = YES;
				CLANG_WARN_INT_CONVERSION = YES;
				CLANG_WARN_OBJC_ROOT_CLASS = YES_ERROR;
				CLANG_WARN_UNREACHABLE_CODE = YES;
				CLANG_WARN__DUPLICATE_METHOD_MATCH = YES;
				"CODE_SIGN_IDENTITY[sdk=iphoneos*]" = "iPhone Developer";
				COPY_PHASE_STRIP = NO;
				DEBUG_INFORMATION_FORMAT = dwarf;
				ENABLE_STRICT_OBJC_MSGSEND = YES;
				ENABLE_TESTABILITY = YES;
				GCC_C_LANGUAGE_STANDARD = gnu99;
				GCC_DYNAMIC_NO_PIC = NO;
				GCC_NO_COMMON_BLOCKS = YES;
				GCC_OPTIMIZATION_LEVEL = 0;
				GCC_PREPROCESSOR_DEFINITIONS = (
					"DEBUG=1",
					"$(inherited)",
				);
				GCC_WARN_64_TO_32_BIT_CONVERSION = YES;
				GCC_WARN_ABOUT_RETURN_TYPE = YES_ERROR;
				GCC_WARN_UNDECLARED_SELECTOR = YES;
				GCC_WARN_UNINITIALIZED_AUTOS = YES_AGGRESSIVE;
				GCC_WARN_UNUSED_FUNCTION = YES;
				GCC_WARN_UNUSED_VARIABLE = YES;
				IPHONEOS_DEPLOYMENT_TARGET = 9.1;
				MTL_ENABLE_DEBUG_INFO = YES;
				ONLY_ACTIVE_ARCH = YES;
				SDKROOT = iphoneos;
				SWIFT_OPTIMIZATION_LEVEL = "-Onone";
			};
			name = Debug;
		};
		CADD0A101BFEB1EA008AC92A /* Release */ = {
			isa = XCBuildConfiguration;
			buildSettings = {
				ALWAYS_SEARCH_USER_PATHS = NO;
				CLANG_CXX_LANGUAGE_STANDARD = "gnu++0x";
				CLANG_CXX_LIBRARY = "libc++";
				CLANG_ENABLE_MODULES = YES;
				CLANG_ENABLE_OBJC_ARC = YES;
				CLANG_WARN_BOOL_CONVERSION = YES;
				CLANG_WARN_CONSTANT_CONVERSION = YES;
				CLANG_WARN_DIRECT_OBJC_ISA_USAGE = YES_ERROR;
				CLANG_WARN_EMPTY_BODY = YES;
				CLANG_WARN_ENUM_CONVERSION = YES;
				CLANG_WARN_INT_CONVERSION = YES;
				CLANG_WARN_OBJC_ROOT_CLASS = YES_ERROR;
				CLANG_WARN_UNREACHABLE_CODE = YES;
				CLANG_WARN__DUPLICATE_METHOD_MATCH = YES;
				"CODE_SIGN_IDENTITY[sdk=iphoneos*]" = "iPhone Developer";
				COPY_PHASE_STRIP = NO;
				DEBUG_INFORMATION_FORMAT = "dwarf-with-dsym";
				ENABLE_NS_ASSERTIONS = NO;
				ENABLE_STRICT_OBJC_MSGSEND = YES;
				GCC_C_LANGUAGE_STANDARD = gnu99;
				GCC_NO_COMMON_BLOCKS = YES;
				GCC_WARN_64_TO_32_BIT_CONVERSION = YES;
				GCC_WARN_ABOUT_RETURN_TYPE = YES_ERROR;
				GCC_WARN_UNDECLARED_SELECTOR = YES;
				GCC_WARN_UNINITIALIZED_AUTOS = YES_AGGRESSIVE;
				GCC_WARN_UNUSED_FUNCTION = YES;
				GCC_WARN_UNUSED_VARIABLE = YES;
				IPHONEOS_DEPLOYMENT_TARGET = 9.1;
				MTL_ENABLE_DEBUG_INFO = NO;
				SDKROOT = iphoneos;
				VALIDATE_PRODUCT = YES;
			};
			name = Release;
		};
		CADD0A121BFEB1EA008AC92A /* Debug */ = {
			isa = XCBuildConfiguration;
			baseConfigurationReference = 29C357C799BD550C12D34EA0 /* Pods-hwy7.debug.xcconfig */;
			buildSettings = {
				ASSETCATALOG_COMPILER_APPICON_NAME = AppIcon;
				CLANG_ENABLE_MODULES = YES;
				CODE_SIGN_IDENTITY = "iPhone Developer";
				FRAMEWORK_SEARCH_PATHS = (
					"$(PROJECT_DIR)",
					"$(inherited)",
				);
				INFOPLIST_FILE = hwy7/Info.plist;
				LD_RUNPATH_SEARCH_PATHS = "$(inherited) @executable_path/Frameworks";
				PRODUCT_BUNDLE_IDENTIFIER = com.czhao.hwy7;
				PRODUCT_NAME = "$(TARGET_NAME)";
				SWIFT_OBJC_BRIDGING_HEADER = "hwy7/hwy7-Bridging-Header.h";
				SWIFT_OPTIMIZATION_LEVEL = "-Onone";
				TARGETED_DEVICE_FAMILY = 2;
			};
			name = Debug;
		};
		CADD0A131BFEB1EA008AC92A /* Release */ = {
			isa = XCBuildConfiguration;
			baseConfigurationReference = CA9C33D7F1935B2DA2F8E242 /* Pods-hwy7.release.xcconfig */;
			buildSettings = {
				ASSETCATALOG_COMPILER_APPICON_NAME = AppIcon;
				CLANG_ENABLE_MODULES = YES;
				CODE_SIGN_IDENTITY = "iPhone Developer";
				FRAMEWORK_SEARCH_PATHS = (
					"$(PROJECT_DIR)",
					"$(inherited)",
				);
				INFOPLIST_FILE = hwy7/Info.plist;
				LD_RUNPATH_SEARCH_PATHS = "$(inherited) @executable_path/Frameworks";
				PRODUCT_BUNDLE_IDENTIFIER = com.czhao.hwy7;
				PRODUCT_NAME = "$(TARGET_NAME)";
				SWIFT_OBJC_BRIDGING_HEADER = "hwy7/hwy7-Bridging-Header.h";
				TARGETED_DEVICE_FAMILY = 2;
			};
			name = Release;
		};
/* End XCBuildConfiguration section */

/* Begin XCConfigurationList section */
		CADD09F81BFEB1EA008AC92A /* Build configuration list for PBXProject "hwy7" */ = {
			isa = XCConfigurationList;
			buildConfigurations = (
				CADD0A0F1BFEB1EA008AC92A /* Debug */,
				CADD0A101BFEB1EA008AC92A /* Release */,
			);
			defaultConfigurationIsVisible = 0;
			defaultConfigurationName = Release;
		};
		CADD0A111BFEB1EA008AC92A /* Build configuration list for PBXNativeTarget "hwy7" */ = {
			isa = XCConfigurationList;
			buildConfigurations = (
				CADD0A121BFEB1EA008AC92A /* Debug */,
				CADD0A131BFEB1EA008AC92A /* Release */,
			);
			defaultConfigurationIsVisible = 0;
			defaultConfigurationName = Release;
		};
/* End XCConfigurationList section */
	};
	rootObject = CADD09F51BFEB1EA008AC92A /* Project object */;
}
